<?xml version="1.0" encoding="utf-8"?>
<Project ToolsVersion="4.0" xmlns="http://schemas.microsoft.com/developer/msbuild/2003">
  <ItemGroup>
    <Filter Include="Source Files">
      <UniqueIdentifier>{4FC737F1-C7A5-4376-A066-2A32D752A2FF}</UniqueIdentifier>
      <Extensions>cpp;c;cxx;def;odl;idl;hpj;bat;asm;asmx</Extensions>
    </Filter>
    <Filter Include="Include">
      <UniqueIdentifier>{c64e5c33-1b44-4ca9-aa39-e78b59d8d1ab}</UniqueIdentifier>
    </Filter>
  </ItemGroup>
  <ItemGroup>
    <ClCompile Include=".\pi_Alloc.cpp">
      <Filter>Source Files</Filter>
    </ClCompile>
    <ClCompile Include=".\pi_Memory.cpp">
      <Filter>Source Files</Filter>
    </ClCompile>
    <ClCompile Include=".\ResourceBundleManage.cpp">
      <Filter>Source Files</Filter>
    </ClCompile>
  </ItemGroup>
  <ItemGroup>
    <ClInclude Include="..\..\inc\$(ProjectName)\pi_Alloc.h">
      <Filter>Include</Filter>
    </ClInclude>
    <ClInclude Include="..\..\inc\$(ProjectName)\pi_Memory.h">
      <Filter>Include</Filter>
    </ClInclude>
    <ClInclude Include="..\..\inc\$(ProjectName)\ResourceBundleManage.h">
      <Filter>Include</Filter>
    </ClInclude>
  </ItemGroup>
</Project>