<?xml version="1.0" encoding="utf-8"?>
<Project ToolsVersion="4.0" xmlns="http://schemas.microsoft.com/developer/msbuild/2003">
  <ItemGroup>
    <Filter Include="源文件">
      <UniqueIdentifier>{4FC737F1-C7A5-4376-A066-2A32D752A2FF}</UniqueIdentifier>
      <Extensions>cpp;c;cxx;def;odl;idl;hpj;bat;asm;asmx</Extensions>
    </Filter>
    <Filter Include="头文件">
      <UniqueIdentifier>{93995380-89BD-4b04-88EB-625FBE52EBFB}</UniqueIdentifier>
      <Extensions>h;hpp;hxx;hm;inl;inc;xsd</Extensions>
    </Filter>
    <Filter Include="资源文件">
      <UniqueIdentifier>{67DA6AB6-F800-4c08-8B7A-83BB121AAD01}</UniqueIdentifier>
      <Extensions>rc;ico;cur;bmp;dlg;rc2;rct;bin;rgs;gif;jpg;jpeg;jpe;resx</Extensions>
    </Filter>
  </ItemGroup>
  <ItemGroup>
    <ClCompile Include=".\INIStream.cpp">
      <Filter>源文件</Filter>
    </ClCompile>
    <ClCompile Include=".\main.cpp">
      <Filter>源文件</Filter>
    </ClCompile>
    <ClCompile Include=".\MyComboBox.cpp">
      <Filter>源文件</Filter>
    </ClCompile>
    <ClCompile Include=".\MyControls.cpp">
      <Filter>源文件</Filter>
    </ClCompile>
    <ClCompile Include=".\MyListView.cpp">
      <Filter>源文件</Filter>
    </ClCompile>
    <ClCompile Include=".\MyTab.cpp">
      <Filter>源文件</Filter>
    </ClCompile>
    <ClCompile Include=".\NetWork.cpp">
      <Filter>源文件</Filter>
    </ClCompile>
  </ItemGroup>
  <ItemGroup>
    <ClInclude Include="..\..\inc\$(ProjectName)\datatype.h">
      <Filter>头文件</Filter>
    </ClInclude>
    <ClInclude Include="..\..\inc\$(ProjectName)\INIStream.h">
      <Filter>头文件</Filter>
    </ClInclude>
    <ClInclude Include="..\..\inc\$(ProjectName)\MyComboBox.h">
      <Filter>头文件</Filter>
    </ClInclude>
    <ClInclude Include="..\..\inc\$(ProjectName)\MyControls.h">
      <Filter>头文件</Filter>
    </ClInclude>
    <ClInclude Include="..\..\inc\$(ProjectName)\MyListView.h">
      <Filter>头文件</Filter>
    </ClInclude>
    <ClInclude Include="..\..\inc\$(ProjectName)\MyTab.h">
      <Filter>头文件</Filter>
    </ClInclude>
    <ClInclude Include="..\..\inc\$(ProjectName)\NetWork.h">
      <Filter>头文件</Filter>
    </ClInclude>
    <ClInclude Include="..\..\inc\$(ProjectName)\resource.h">
      <Filter>头文件</Filter>
    </ClInclude>
  </ItemGroup>
  <ItemGroup>
    <ResourceCompile Include=".\TradeTools.rc">
      <Filter>资源文件</Filter>
    </ResourceCompile>
  </ItemGroup>
</Project>